{
  "name": "sketch-toolbar-item",
  "version": "0.1.5",
  "lockfileVersion": 1,
  "requires": true,
  "dependencies": {
    "@skpm/nib-loader": {
      "version": "0.1.2",
      "resolved": "https://registry.npmjs.org/@skpm/nib-loader/-/nib-loader-0.1.2.tgz",
      "integrity": "sha512-qWj31AmzEO9+BlozMaZo7HOK6v2VAkOmj9wSMaPwM54tmHDKKE5p1F+MbcAsibsfbbTfodK5PKkpimf1GyjHiA==",
      "dev": true,
      "requires": {
        "cocoascript-class": "^0.1.2",
        "loader-utils": "^1.2.3",
        "schema-utils": "^0.4.5"
      }
    },
    "@skpm/xcodeproj-loader": {
      "version": "0.1.6",
      "resolved": "https://registry.npmjs.org/@skpm/xcodeproj-loader/-/xcodeproj-loader-0.1.6.tgz",
      "integrity": "sha512-EuGG1cm1gjMLRLImgeJ40KyWJ1P69Qz9oNp+fKn1GaHWz3vWV3568PidtzMx3H3UM3i5bXUroMmIfj7DQaI/Dg==",
      "dev": true,
      "requires": {
        "@skpm/nib-loader": "^0.1.2",
        "loader-utils": "^1.2.3",
        "schema-utils": "^0.4.5"
      }
    },
    "ajv": {
      "version": "6.10.1",
      "resolved": "https://registry.npmjs.org/ajv/-/ajv-6.10.1.tgz",
      "integrity": "sha512-w1YQaVGNC6t2UCPjEawK/vo/dG8OOrVtUmhBT1uJJYxbl5kU2Tj3v6LGqBcsysN1yhuCStJCCA3GqdvKY8sqXQ==",
      "dev": true,
      "requires": {
        "fast-deep-equal": "^2.0.1",
        "fast-json-stable-stringify": "^2.0.0",
        "json-schema-traverse": "^0.4.1",
        "uri-js": "^4.2.2"
      }
    },
    "ajv-keywords": {
      "version": "3.4.1",
      "resolved": "https://registry.npmjs.org/ajv-keywords/-/ajv-keywords-3.4.1.tgz",
      "integrity": "sha512-RO1ibKvd27e6FEShVFfPALuHI3WjSVNeK5FIsmme/LYRNxjKuNj+Dt7bucLa6NdSv3JcVTyMlm9kGR84z1XpaQ==",
      "dev": true
    },
    "big.js": {
      "version": "5.2.2",
      "resolved": "https://registry.npmjs.org/big.js/-/big.js-5.2.2.tgz",
      "integrity": "sha512-vyL2OymJxmarO8gxMr0mhChsO9QGwhynfuu4+MHTAW6czfq9humCB7rKpUjDd9YUiDPU4mzpyupFSvOClAwbmQ==",
      "dev": true
    },
    "cocoascript-class": {
      "version": "0.1.2",
      "resolved": "https://registry.npmjs.org/cocoascript-class/-/cocoascript-class-0.1.2.tgz",
      "integrity": "sha1-2rJfIDiZRtmYbBgSuIrDeD7sQtM=",
      "dev": true
    },
    "emojis-list": {
      "version": "2.1.0",
      "resolved": "https://registry.npmjs.org/emojis-list/-/emojis-list-2.1.0.tgz",
      "integrity": "sha1-TapNnbAPmBmIDHn6RXrlsJof04k=",
      "dev": true
    },
    "fast-deep-equal": {
      "version": "2.0.1",
      "resolved": "https://registry.npmjs.org/fast-deep-equal/-/fast-deep-equal-2.0.1.tgz",
      "integrity": "sha1-ewUhjd+WZ79/Nwv3/bLLFf3Qqkk=",
      "dev": true
    },
    "fast-json-stable-stringify": {
      "version": "2.0.0",
      "resolved": "https://registry.npmjs.org/fast-json-stable-stringify/-/fast-json-stable-stringify-2.0.0.tgz",
      "integrity": "sha1-1RQsDK7msRifh9OnYREGT4bIu/I=",
      "dev": true
    },
    "json-schema-traverse": {
      "version": "0.4.1",
      "resolved": "https://registry.npmjs.org/json-schema-traverse/-/json-schema-traverse-0.4.1.tgz",
      "integrity": "sha512-xbbCH5dCYU5T8LcEhhuh7HJ88HXuW3qsI3Y0zOZFKfZEHcpWiHU/Jxzk629Brsab/mMiHQti9wMP+845RPe3Vg==",
      "dev": true
    },
    "json5": {
      "version": "1.0.1",
      "resolved": "https://registry.npmjs.org/json5/-/json5-1.0.1.tgz",
      "integrity": "sha512-aKS4WQjPenRxiQsC93MNfjx+nbF4PAdYzmd/1JIj8HYzqfbu86beTuNgXDzPknWk0n0uARlyewZo4s++ES36Ow==",
      "dev": true,
      "requires": {
        "minimist": "^1.2.0"
      }
    },
    "loader-utils": {
      "version": "1.2.3",
      "resolved": "https://registry.npmjs.org/loader-utils/-/loader-utils-1.2.3.tgz",
      "integrity": "sha512-fkpz8ejdnEMG3s37wGL07iSBDg99O9D5yflE9RGNH3hRdx9SOwYfnGYdZOUIZitN8E+E2vkq3MUMYMvPYl5ZZA==",
      "dev": true,
      "requires": {
        "big.js": "^5.2.2",
        "emojis-list": "^2.0.0",
        "json5": "^1.0.1"
      }
    },
    "minimist": {
      "version": "1.2.6",
      "resolved": "https://registry.npmjs.org/minimist/-/minimist-1.2.6.tgz",
      "integrity": "sha512-Jsjnk4bw3YJqYzbdyBiNsPWHPfO++UGG749Cxs6peCu5Xg4nrena6OVxOYxrQTqww0Jmwt+Ref8rggumkTLz9Q==",
      "dev": true
    },
    "punycode": {
      "version": "2.1.1",
      "resolved": "https://registry.npmjs.org/punycode/-/punycode-2.1.1.tgz",
      "integrity": "sha512-XRsRjdf+j5ml+y/6GKHPZbrF/8p2Yga0JPtdqTIY2Xe5ohJPD9saDJJLPvp9+NSBprVvevdXZybnj2cv8OEd0A==",
      "dev": true
    },
    "schema-utils": {
      "version": "0.4.7",
      "resolved": "https://registry.npmjs.org/schema-utils/-/schema-utils-0.4.7.tgz",
      "integrity": "sha512-v/iwU6wvwGK8HbU9yi3/nhGzP0yGSuhQMzL6ySiec1FSrZZDkhm4noOSWzrNFo/jEc+SJY6jRTwuwbSXJPDUnQ==",
      "dev": true,
      "requires": {
        "ajv": "^6.1.0",
        "ajv-keywords": "^3.1.0"
      }
    },
    "uri-js": {
      "version": "4.2.2",
      "resolved": "https://registry.npmjs.org/uri-js/-/uri-js-4.2.2.tgz",
      "integrity": "sha512-KY9Frmirql91X2Qgjry0Wd4Y+YTdrdZheS8TFwvkbLWf/G5KNJDCh6pKL5OZctEW4+0Baa5idK2ZQuELRwPznQ==",
      "dev": true,
      "requires": {
        "punycode": "^2.1.0"
      }
    }
  }
}
